{
  "name": "my-blog",
  "version": "1.0.0",
  "lockfileVersion": 3,
  "requires": true,
  "dev": true,
  "packages": {
    "": {
      "name": "my-blog",
      "version": "1.0.0",
      "license": "MIT",
      "devDependencies": {
        "ssg_blog_rs": "file:../ssg_blog_rs"
      }
    },
    "../ssg_blog_rs": {
      "version": "1.0.0",
      "dev": true,
      "hasInstallScript": true,
      "license": "MIT",
      "bin": {
        "ssg_blog_rs": "cargo run"
      }
    },
    "node_modules/ssg_blog_rs": {
      "resolved": "../ssg_blog_rs",
      "link": true
    },
    "s": {
      "extraneous": true
    },
    "ssg_blog_rs": {
      "version": "1.0.0",
      "extraneous": true,
      "hasInstallScript": true,
      "license": "MIT"
    }
  }
}
