{
  "name": "ssg_blog_rs",
  "version": "1.0.0",
  "lockfileVersion": 3,
  "requires": true,
  "packages": {
    "": {
      "name": "ssg_blog_rs",
      "version": "1.0.0",
      "hasInstallScript": true,
      "license": "MIT",
      "bin": {
        "ssg_blog_rs": "cargo run"
      }
    }
  }
}
